// !$*UTF8*$!
{
	archiveVersion = 1;
	classes = {
	};
	objectVersion = 50;
	objects = {

/* Begin PBXBuildFile section */
		02696CCD20B8283000724715 /* AppDelegate.m in Sources */ = {isa = PBXBuildFile; fileRef = 02696CCC20B8283000724715 /* AppDelegate.m */; };
		02696CD320B8283000724715 /* Main.storyboard in Resources */ = {isa = PBXBuildFile; fileRef = 02696CD120B8283000724715 /* Main.storyboard */; };
		02696CD520B8283200724715 /* Assets.xcassets in Resources */ = {isa = PBXBuildFile; fileRef = 02696CD420B8283200724715 /* Assets.xcassets */; };
		02696CD820B8283200724715 /* LaunchScreen.storyboard in Resources */ = {isa = PBXBuildFile; fileRef = 02696CD620B8283200724715 /* LaunchScreen.storyboard */; };
		02696CDB20B8283200724715 /* main.m in Sources */ = {isa = PBXBuildFile; fileRef = 02696CDA20B8283200724715 /* main.m */; };
		02696CE920B8EAB300724715 /* UIView+GetFrameProperty.m in Sources */ = {isa = PBXBuildFile; fileRef = 02696CE720B8EAB300724715 /* UIView+GetFrameProperty.m */; };
		3E48BA6C20B94A6F0020263C /* ViewController.m in Sources */ = {isa = PBXBuildFile; fileRef = 3E48BA6B20B94A6F0020263C /* ViewController.m */; };
/* End PBXBuildFile section */

/* Begin PBXFileReference section */
		02696CC820B8283000724715 /* PokerAnimation.app */ = {isa = PBXFileReference; explicitFileType = wrapper.application; includeInIndex = 0; path = PokerAnimation.app; sourceTree = BUILT_PRODUCTS_DIR; };
		02696CCB20B8283000724715 /* AppDelegate.h */ = {isa = PBXFileReference; lastKnownFileType = sourcecode.c.h; path = AppDelegate.h; sourceTree = "<group>"; };
		02696CCC20B8283000724715 /* AppDelegate.m */ = {isa = PBXFileReference; lastKnownFileType = sourcecode.c.objc; path = AppDelegate.m; sourceTree = "<group>"; };
		02696CD220B8283000724715 /* Base */ = {isa = PBXFileReference; lastKnownFileType = file.storyboard; name = Base; path = Base.lproj/Main.storyboard; sourceTree = "<group>"; };
		02696CD420B8283200724715 /* Assets.xcassets */ = {isa = PBXFileReference; lastKnownFileType = folder.assetcatalog; path = Assets.xcassets; sourceTree = "<group>"; };
		02696CD720B8283200724715 /* Base */ = {isa = PBXFileReference; lastKnownFileType = file.storyboard; name = Base; path = Base.lproj/LaunchScreen.storyboard; sourceTree = "<group>"; };
		02696CD920B8283200724715 /* Info.plist */ = {isa = PBXFileReference; lastKnownFileType = text.plist.xml; path = Info.plist; sourceTree = "<group>"; };
		02696CDA20B8283200724715 /* main.m */ = {isa = PBXFileReference; lastKnownFileType = sourcecode.c.objc; path = main.m; sourceTree = "<group>"; };
		02696CE720B8EAB300724715 /* UIView+GetFrameProperty.m */ = {isa = PBXFileReference; fileEncoding = 4; lastKnownFileType = sourcecode.c.objc; path = "UIView+GetFrameProperty.m"; sourceTree = "<group>"; };
		02696CE820B8EAB300724715 /* UIView+GetFrameProperty.h */ = {isa = PBXFileReference; fileEncoding = 4; lastKnownFileType = sourcecode.c.h; path = "UIView+GetFrameProperty.h"; sourceTree = "<group>"; };
		3E48BA6A20B94A6F0020263C /* ViewController.h */ = {isa = PBXFileReference; fileEncoding = 4; lastKnownFileType = sourcecode.c.h; path = ViewController.h; sourceTree = "<group>"; };
		3E48BA6B20B94A6F0020263C /* ViewController.m */ = {isa = PBXFileReference; fileEncoding = 4; lastKnownFileType = sourcecode.c.objc; path = ViewController.m; sourceTree = "<group>"; };
/* End PBXFileReference section */

/* Begin PBXFrameworksBuildPhase section */
		02696CC520B8283000724715 /* Frameworks */ = {
			isa = PBXFrameworksBuildPhase;
			buildActionMask = 2147483647;
			files = (
			);
			runOnlyForDeploymentPostprocessing = 0;
		};
/* End PBXFrameworksBuildPhase section */

/* Begin PBXGroup section */
		02696CBF20B8283000724715 = {
			isa = PBXGroup;
			children = (
				02696CCA20B8283000724715 /* PokerAnimation */,
				02696CC920B8283000724715 /* Products */,
			);
			sourceTree = "<group>";
		};
		02696CC920B8283000724715 /* Products */ = {
			isa = PBXGroup;
			children = (
				02696CC820B8283000724715 /* PokerAnimation.app */,
			);
			name = Products;
			sourceTree = "<group>";
		};
		02696CCA20B8283000724715 /* PokerAnimation */ = {
			isa = PBXGroup;
			children = (
				3E48BA6A20B94A6F0020263C /* ViewController.h */,
				3E48BA6B20B94A6F0020263C /* ViewController.m */,
				02696CCB20B8283000724715 /* AppDelegate.h */,
				02696CCC20B8283000724715 /* AppDelegate.m */,
				02696CE820B8EAB300724715 /* UIView+GetFrameProperty.h */,
				02696CE720B8EAB300724715 /* UIView+GetFrameProperty.m */,
				02696CD120B8283000724715 /* Main.storyboard */,
				02696CD420B8283200724715 /* Assets.xcassets */,
				02696CD620B8283200724715 /* LaunchScreen.storyboard */,
				02696CD920B8283200724715 /* Info.plist */,
				02696CDA20B8283200724715 /* main.m */,
			);
			path = PokerAnimation;
			sourceTree = "<group>";
		};
/* End PBXGroup section */

/* Begin PBXNativeTarget section */
		02696CC720B8283000724715 /* PokerAnimation */ = {
			isa = PBXNativeTarget;
			buildConfigurationList = 02696CDE20B8283200724715 /* Build configuration list for PBXNativeTarget "PokerAnimation" */;
			buildPhases = (
				02696CC420B8283000724715 /* Sources */,
				02696CC520B8283000724715 /* Frameworks */,
				02696CC620B8283000724715 /* Resources */,
			);
			buildRules = (
			);
			dependencies = (
			);
			name = PokerAnimation;
			productName = PokerAnimation;
			productReference = 02696CC820B8283000724715 /* PokerAnimation.app */;
			productType = "com.apple.product-type.application";
		};
/* End PBXNativeTarget section */

/* Begin PBXProject section */
		02696CC020B8283000724715 /* Project object */ = {
			isa = PBXProject;
			attributes = {
				LastUpgradeCheck = 0930;
				ORGANIZATIONNAME = liby;
				TargetAttributes = {
					02696CC720B8283000724715 = {
						CreatedOnToolsVersion = 9.3.1;
					};
				};
			};
			buildConfigurationList = 02696CC320B8283000724715 /* Build configuration list for PBXProject "PokerAnimation" */;
			compatibilityVersion = "Xcode 9.3";
			developmentRegion = en;
			hasScannedForEncodings = 0;
			knownRegions = (
				en,
				Base,
			);
			mainGroup = 02696CBF20B8283000724715;
			productRefGroup = 02696CC920B8283000724715 /* Products */;
			projectDirPath = "";
			projectRoot = "";
			targets = (
				02696CC720B8283000724715 /* PokerAnimation */,
			);
		};
/* End PBXProject section */

/* Begin PBXResourcesBuildPhase section */
		02696CC620B8283000724715 /* Resources */ = {
			isa = PBXResourcesBuildPhase;
			buildActionMask = 2147483647;
			files = (
				02696CD820B8283200724715 /* LaunchScreen.storyboard in Resources */,
				02696CD520B8283200724715 /* Assets.xcassets in Resources */,
				02696CD320B8283000724715 /* Main.storyboard in Resources */,
			);
			runOnlyForDeploymentPostprocessing = 0;
		};
/* End PBXResourcesBuildPhase section */

/* Begin PBXSourcesBuildPhase section */
		02696CC420B8283000724715 /* Sources */ = {
			isa = PBXSourcesBuildPhase;
			buildActionMask = 2147483647;
			files = (
				02696CE920B8EAB300724715 /* UIView+GetFrameProperty.m in Sources */,
				02696CDB20B8283200724715 /* main.m in Sources */,
				3E48BA6C20B94A6F0020263C /* ViewController.m in Sources */,
				02696CCD20B8283000724715 /* AppDelegate.m in Sources */,
			);
			runOnlyForDeploymentPostprocessing = 0;
		};
/* End PBXSourcesBuildPhase section */

/* Begin PBXVariantGroup section */
		02696CD120B8283000724715 /* Main.storyboard */ = {
			isa = PBXVariantGroup;
			children = (
				02696CD220B8283000724715 /* Base */,
			);
			name = Main.storyboard;
			sourceTree = "<group>";
		};
		02696CD620B8283200724715 /* LaunchScreen.storyboard */ = {
			isa = PBXVariantGroup;
			children = (
				02696CD720B8283200724715 /* Base */,
			);
			name = LaunchScreen.storyboard;
			sourceTree = "<group>";
		};
/* End PBXVariantGroup section */

/* Begin XCBuildConfiguration section */
		02696CDC20B8283200724715 /* Debug */ = {
			isa = XCBuildConfiguration;
			buildSettings = {
				ALWAYS_SEARCH_USER_PATHS = NO;
				CLANG_ANALYZER_NONNULL = YES;
				CLANG_ANALYZER_NUMBER_OBJECT_CONVERSION = YES_AGGRESSIVE;
				CLANG_CXX_LANGUAGE_STANDARD = "gnu++14";
				CLANG_CXX_LIBRARY = "libc++";
				CLANG_ENABLE_MODULES = YES;
				CLANG_ENABLE_OBJC_ARC = YES;
				CLANG_ENABLE_OBJC_WEAK = YES;
				CLANG_WARN_BLOCK_CAPTURE_AUTORELEASING = YES;
				CLANG_WARN_BOOL_CONVERSION = YES;
				CLANG_WARN_COMMA = YES;
				CLANG_WARN_CONSTANT_CONVERSION = YES;
				CLANG_WARN_DEPRECATED_OBJC_IMPLEMENTATIONS = YES;
				CLANG_WARN_DIRECT_OBJC_ISA_USAGE = YES_ERROR;
				CLANG_WARN_DOCUMENTATION_COMMENTS = YES;
				CLANG_WARN_EMPTY_BODY = YES;
				CLANG_WARN_ENUM_CONVERSION = YES;
				CLANG_WARN_INFINITE_RECURSION = YES;
				CLANG_WARN_INT_CONVERSION = YES;
				CLANG_WARN_NON_LITERAL_NULL_CONVERSION = YES;
				CLANG_WARN_OBJC_IMPLICIT_RETAIN_SELF = YES;
				CLANG_WARN_OBJC_LITERAL_CONVERSION = YES;
				CLANG_WARN_OBJC_ROOT_CLASS = YES_ERROR;
				CLANG_WARN_RANGE_LOOP_ANALYSIS = YES;
				CLANG_WARN_STRICT_PROTOTYPES = YES;
				CLANG_WARN_SUSPICIOUS_MOVE = YES;
				CLANG_WARN_UNGUARDED_AVAILABILITY = YES_AGGRESSIVE;
				CLANG_WARN_UNREACHABLE_CODE = YES;
				CLANG_WARN__DUPLICATE_METHOD_MATCH = YES;
				CODE_SIGN_IDENTITY = "iPhone Developer";
				COPY_PHASE_STRIP = NO;
				DEBUG_INFORMATION_FORMAT = dwarf;
				ENABLE_STRICT_OBJC_MSGSEND = YES;
				ENABLE_TESTABILITY = YES;
				GCC_C_LANGUAGE_STANDARD = gnu11;
				GCC_DYNAMIC_NO_PIC = NO;
				GCC_NO_COMMON_BLOCKS = YES;
				GCC_OPTIMIZATION_LEVEL = 0;
				GCC_PREPROCESSOR_DEFINITIONS = (
					"DEBUG=1",
					"$(inherited)",
				);
				GCC_WARN_64_TO_32_BIT_CONVERSION = YES;
				GCC_WARN_ABOUT_RETURN_TYPE = YES_ERROR;
				GCC_WARN_UNDECLARED_SELECTOR = YES;
				GCC_WARN_UNINITIALIZED_AUTOS = YES_AGGRESSIVE;
				GCC_WARN_UNUSED_FUNCTION = YES;
				GCC_WARN_UNUSED_VARIABLE = YES;
				IPHONEOS_DEPLOYMENT_TARGET = 11.3;
				MTL_ENABLE_DEBUG_INFO = YES;
				ONLY_ACTIVE_ARCH = YES;
				SDKROOT = iphoneos;
			};
			name = Debug;
		};
		02696CDD20B8283200724715 /* Release */ = {
			isa = XCBuildConfiguration;
			buildSettings = {
				ALWAYS_SEARCH_USER_PATHS = NO;
				CLANG_ANALYZER_NONNULL = YES;
				CLANG_ANALYZER_NUMBER_OBJECT_CONVERSION = YES_AGGRESSIVE;
				CLANG_CXX_LANGUAGE_STANDARD = "gnu++14";
				CLANG_CXX_LIBRARY = "libc++";
				CLANG_ENABLE_MODULES = YES;
				CLANG_ENABLE_OBJC_ARC = YES;
				CLANG_ENABLE_OBJC_WEAK = YES;
				CLANG_WARN_BLOCK_CAPTURE_AUTORELEASING = YES;
				CLANG_WARN_BOOL_CONVERSION = YES;
				CLANG_WARN_COMMA = YES;
				CLANG_WARN_CONSTANT_CONVERSION = YES;
				CLANG_WARN_DEPRECATED_OBJC_IMPLEMENTATIONS = YES;
				CLANG_WARN_DIRECT_OBJC_ISA_USAGE = YES_ERROR;
				CLANG_WARN_DOCUMENTATION_COMMENTS = YES;
				CLANG_WARN_EMPTY_BODY = YES;
				CLANG_WARN_ENUM_CONVERSION = YES;
				CLANG_WARN_INFINITE_RECURSION = YES;
				CLANG_WARN_INT_CONVERSION = YES;
				CLANG_WARN_NON_LITERAL_NULL_CONVERSION = YES;
				CLANG_WARN_OBJC_IMPLICIT_RETAIN_SELF = YES;
				CLANG_WARN_OBJC_LITERAL_CONVERSION = YES;
				CLANG_WARN_OBJC_ROOT_CLASS = YES_ERROR;
				CLANG_WARN_RANGE_LOOP_ANALYSIS = YES;
				CLANG_WARN_STRICT_PROTOTYPES = YES;
				CLANG_WARN_SUSPICIOUS_MOVE = YES;
				CLANG_WARN_UNGUARDED_AVAILABILITY = YES_AGGRESSIVE;
				CLANG_WARN_UNREACHABLE_CODE = YES;
				CLANG_WARN__DUPLICATE_METHOD_MATCH = YES;
				CODE_SIGN_IDENTITY = "iPhone Developer";
				COPY_PHASE_STRIP = NO;
				DEBUG_INFORMATION_FORMAT = "dwarf-with-dsym";
				ENABLE_NS_ASSERTIONS = NO;
				ENABLE_STRICT_OBJC_MSGSEND = YES;
				GCC_C_LANGUAGE_STANDARD = gnu11;
				GCC_NO_COMMON_BLOCKS = YES;
				GCC_WARN_64_TO_32_BIT_CONVERSION = YES;
				GCC_WARN_ABOUT_RETURN_TYPE = YES_ERROR;
				GCC_WARN_UNDECLARED_SELECTOR = YES;
				GCC_WARN_UNINITIALIZED_AUTOS = YES_AGGRESSIVE;
				GCC_WARN_UNUSED_FUNCTION = YES;
				GCC_WARN_UNUSED_VARIABLE = YES;
				IPHONEOS_DEPLOYMENT_TARGET = 11.3;
				MTL_ENABLE_DEBUG_INFO = NO;
				SDKROOT = iphoneos;
				VALIDATE_PRODUCT = YES;
			};
			name = Release;
		};
		02696CDF20B8283200724715 /* Debug */ = {
			isa = XCBuildConfiguration;
			buildSettings = {
				ASSETCATALOG_COMPILER_APPICON_NAME = AppIcon;
				CODE_SIGN_STYLE = Automatic;
				DEVELOPMENT_TEAM = M4KA6JAARG;
				INFOPLIST_FILE = PokerAnimation/Info.plist;
				IPHONEOS_DEPLOYMENT_TARGET = 9.3;
				LD_RUNPATH_SEARCH_PATHS = (
					"$(inherited)",
					"@executable_path/Frameworks",
				);
				PRODUCT_BUNDLE_IDENTIFIER = com.lby.www.PokerAnimation;
				PRODUCT_NAME = "$(TARGET_NAME)";
				TARGETED_DEVICE_FAMILY = "1,2";
			};
			name = Debug;
		};
		02696CE020B8283200724715 /* Release */ = {
			isa = XCBuildConfiguration;
			buildSettings = {
				ASSETCATALOG_COMPILER_APPICON_NAME = AppIcon;
				CODE_SIGN_STYLE = Automatic;
				DEVELOPMENT_TEAM = M4KA6JAARG;
				INFOPLIST_FILE = PokerAnimation/Info.plist;
				IPHONEOS_DEPLOYMENT_TARGET = 9.3;
				LD_RUNPATH_SEARCH_PATHS = (
					"$(inherited)",
					"@executable_path/Frameworks",
				);
				PRODUCT_BUNDLE_IDENTIFIER = com.lby.www.PokerAnimation;
				PRODUCT_NAME = "$(TARGET_NAME)";
				TARGETED_DEVICE_FAMILY = "1,2";
			};
			name = Release;
		};
/* End XCBuildConfiguration section */

/* Begin XCConfigurationList section */
		02696CC320B8283000724715 /* Build configuration list for PBXProject "PokerAnimation" */ = {
			isa = XCConfigurationList;
			buildConfigurations = (
				02696CDC20B8283200724715 /* Debug */,
				02696CDD20B8283200724715 /* Release */,
			);
			defaultConfigurationIsVisible = 0;
			defaultConfigurationName = Release;
		};
		02696CDE20B8283200724715 /* Build configuration list for PBXNativeTarget "PokerAnimation" */ = {
			isa = XCConfigurationList;
			buildConfigurations = (
				02696CDF20B8283200724715 /* Debug */,
				02696CE020B8283200724715 /* Release */,
			);
			defaultConfigurationIsVisible = 0;
			defaultConfigurationName = Release;
		};
/* End XCConfigurationList section */
	};
	rootObject = 02696CC020B8283000724715 /* Project object */;
}
